
Microsoft Visual Studio Solution File, Format Version 12.00
# Visual Studio Version 17
VisualStudioVersion = 17.10.35004.147
MinimumVisualStudioVersion = 10.0.40219.1
Project("{FAE04EC0-301F-11D3-BF4B-00C04F79EFBC}") = "PaymentGateway", "PaymentGateway.csproj", "{3664CA93-6E83-40C6-984E-7C9B04F05BDE}"
EndProject
Project("{FAE04EC0-301F-11D3-BF4B-00C04F79EFBC}") = "PaymentGateway.Domain", "..\PaymentGateway.Domain\PaymentGateway.Domain.csproj", "{7F9D7CB8-AB8E-4B4A-ABB5-79D2FDDEB721}"
EndProject
Project("{FAE04EC0-301F-11D3-BF4B-00C04F79EFBC}") = "PaymentGateway.Repository", "..\PaymentGateway.Repository\PaymentGateway.Repository.csproj", "{758287A5-D5ED-4D7A-B9E8-076353CF7979}"
EndProject
Project("{FAE04EC0-301F-11D3-BF4B-00C04F79EFBC}") = "PaymentGateway.Service", "..\PaymentGateway.Service\PaymentGateway.Service.csproj", "{B08EF8DD-09D9-4281-BF24-11A45E89E8FA}"
EndProject
Global
	GlobalSection(SolutionConfigurationPlatforms) = preSolution
		Debug|Any CPU = Debug|Any CPU
		Release|Any CPU = Release|Any CPU
	EndGlobalSection
	GlobalSection(ProjectConfigurationPlatforms) = postSolution
		{3664CA93-6E83-40C6-984E-7C9B04F05BDE}.Debug|Any CPU.ActiveCfg = Debug|Any CPU
		{3664CA93-6E83-40C6-984E-7C9B04F05BDE}.Debug|Any CPU.Build.0 = Debug|Any CPU
		{3664CA93-6E83-40C6-984E-7C9B04F05BDE}.Release|Any CPU.ActiveCfg = Release|Any CPU
		{3664CA93-6E83-40C6-984E-7C9B04F05BDE}.Release|Any CPU.Build.0 = Release|Any CPU
		{7F9D7CB8-AB8E-4B4A-ABB5-79D2FDDEB721}.Debug|Any CPU.ActiveCfg = Debug|Any CPU
		{7F9D7CB8-AB8E-4B4A-ABB5-79D2FDDEB721}.Debug|Any CPU.Build.0 = Debug|Any CPU
		{7F9D7CB8-AB8E-4B4A-ABB5-79D2FDDEB721}.Release|Any CPU.ActiveCfg = Release|Any CPU
		{7F9D7CB8-AB8E-4B4A-ABB5-79D2FDDEB721}.Release|Any CPU.Build.0 = Release|Any CPU
		{758287A5-D5ED-4D7A-B9E8-076353CF7979}.Debug|Any CPU.ActiveCfg = Debug|Any CPU
		{758287A5-D5ED-4D7A-B9E8-076353CF7979}.Debug|Any CPU.Build.0 = Debug|Any CPU
		{758287A5-D5ED-4D7A-B9E8-076353CF7979}.Release|Any CPU.ActiveCfg = Release|Any CPU
		{758287A5-D5ED-4D7A-B9E8-076353CF7979}.Release|Any CPU.Build.0 = Release|Any CPU
		{B08EF8DD-09D9-4281-BF24-11A45E89E8FA}.Debug|Any CPU.ActiveCfg = Debug|Any CPU
		{B08EF8DD-09D9-4281-BF24-11A45E89E8FA}.Debug|Any CPU.Build.0 = Debug|Any CPU
		{B08EF8DD-09D9-4281-BF24-11A45E89E8FA}.Release|Any CPU.ActiveCfg = Release|Any CPU
		{B08EF8DD-09D9-4281-BF24-11A45E89E8FA}.Release|Any CPU.Build.0 = Release|Any CPU
	EndGlobalSection
	GlobalSection(SolutionProperties) = preSolution
		HideSolutionNode = FALSE
	EndGlobalSection
	GlobalSection(ExtensibilityGlobals) = postSolution
		SolutionGuid = {3C86BC4A-F299-4F9E-823C-9BD228A8AA25}
	EndGlobalSection
EndGlobal
